
Microsoft Visual Studio Solution File, Format Version 12.00
# Visual Studio Version 17
VisualStudioVersion = 17.3.32811.315
MinimumVisualStudioVersion = 10.0.40219.1
Project("{FAE04EC0-301F-11D3-BF4B-00C04F79EFBC}") = "ShoppingList", "ShoppingList\ShoppingList.csproj", "{9AB9245E-A5C7-433F-B910-028CBA19B32E}"
EndProject
Global
	GlobalSection(SolutionConfigurationPlatforms) = preSolution
		Debug|Any CPU = Debug|Any CPU
		Release|Any CPU = Release|Any CPU
	EndGlobalSection
	GlobalSection(ProjectConfigurationPlatforms) = postSolution
		{9AB9245E-A5C7-433F-B910-028CBA19B32E}.Debug|Any CPU.ActiveCfg = Debug|Any CPU
		{9AB9245E-A5C7-433F-B910-028CBA19B32E}.Debug|Any CPU.Build.0 = Debug|Any CPU
		{9AB9245E-A5C7-433F-B910-028CBA19B32E}.Release|Any CPU.ActiveCfg = Release|Any CPU
		{9AB9245E-A5C7-433F-B910-028CBA19B32E}.Release|Any CPU.Build.0 = Release|Any CPU
	EndGlobalSection
	GlobalSection(SolutionProperties) = preSolution
		HideSolutionNode = FALSE
	EndGlobalSection
	GlobalSection(ExtensibilityGlobals) = postSolution
		SolutionGuid = {9F9DEC8A-52E2-49FA-A8D0-D13D60A03E66}
	EndGlobalSection
EndGlobal
